# THIS IS AN AUTOGENERATED FILE. DO NOT EDIT THIS FILE DIRECTLY.
# yarn lockfile v1


nanoid@^5.0.1:
  version "5.0.1"
  resolved "https://registry.yarnpkg.com/nanoid/-/nanoid-5.0.1.tgz#3e95d775a8bc8a98afbf0a237e2bbc6a71b0662e"
  integrity sha512-vWeVtV5Cw68aML/QaZvqN/3QQXc6fBfIieAlu05m7FZW2Dgb+3f0xc0TTxuJW+7u30t7iSDTV/j3kVI0oJqIfQ==
