lockfileVersion: '6.0'

settings:
  autoInstallPeers: true
  excludeLinksFromLockfile: false

dependencies:
  moment:
    specifier: ^2.29.4
    version: 2.29.4
  nanoid:
    specifier: ^5.0.1
    version: 5.0.1

packages:

  /moment@2.29.4:
    resolution: {integrity: sha512-5LC9SOxjSc2HF6vO2CyuTDNivEdoz2IvyJJGj6X8DJ0eFyfszE0QiEd+iXmBvUP3WHxSjFH/vIsA0EN00cgr8w==}
    dev: false

  /nanoid@5.0.1:
    resolution: {integrity: sha512-vWeVtV5Cw68aML/QaZvqN/3QQXc6fBfIieAlu05m7FZW2Dgb+3f0xc0TTxuJW+7u30t7iSDTV/j3kVI0oJqIfQ==}
    engines: {node: ^18 || >=20}
    hasBin: true
    dev: false
